
Microsoft Visual Studio Solution File, Format Version 12.00
# Visual Studio Version 17
VisualStudioVersion = 17.2.32616.157
MinimumVisualStudioVersion = 10.0.40219.1
Project("{9A19103F-16F7-4668-BE54-9A1E7A4F7556}") = "CrosshairBot.Repository", "CrosshairBot.Repository\CrosshairBot.Repository.csproj", "{4CD765C7-D7BE-4B53-B215-E895C2EF475E}"
EndProject
Project("{9A19103F-16F7-4668-BE54-9A1E7A4F7556}") = "CrosshairBot.Domain", "CrosshairBot.Domain\CrosshairBot.Domain.csproj", "{E6DF947F-7F27-4AE4-AC1D-546B69094A7B}"
EndProject
Project("{9A19103F-16F7-4668-BE54-9A1E7A4F7556}") = "CrosshairBot.Services", "CrosshairBot.Services\CrosshairBot.Services.csproj", "{E7935DC8-5CE1-4A34-ACBB-C0F1F2EDEC69}"
EndProject
Project("{9A19103F-16F7-4668-BE54-9A1E7A4F7556}") = "CrosshairBot", "CrosshairBot\CrosshairBot.csproj", "{672FEC8A-BAA2-4038-BB6E-A102F917F4E7}"
EndProject
Global
	GlobalSection(SolutionConfigurationPlatforms) = preSolution
		Debug|Any CPU = Debug|Any CPU
		Release|Any CPU = Release|Any CPU
	EndGlobalSection
	GlobalSection(ProjectConfigurationPlatforms) = postSolution
		{4CD765C7-D7BE-4B53-B215-E895C2EF475E}.Debug|Any CPU.ActiveCfg = Debug|Any CPU
		{4CD765C7-D7BE-4B53-B215-E895C2EF475E}.Debug|Any CPU.Build.0 = Debug|Any CPU
		{4CD765C7-D7BE-4B53-B215-E895C2EF475E}.Release|Any CPU.ActiveCfg = Release|Any CPU
		{4CD765C7-D7BE-4B53-B215-E895C2EF475E}.Release|Any CPU.Build.0 = Release|Any CPU
		{E6DF947F-7F27-4AE4-AC1D-546B69094A7B}.Debug|Any CPU.ActiveCfg = Debug|Any CPU
		{E6DF947F-7F27-4AE4-AC1D-546B69094A7B}.Debug|Any CPU.Build.0 = Debug|Any CPU
		{E6DF947F-7F27-4AE4-AC1D-546B69094A7B}.Release|Any CPU.ActiveCfg = Release|Any CPU
		{E6DF947F-7F27-4AE4-AC1D-546B69094A7B}.Release|Any CPU.Build.0 = Release|Any CPU
		{E7935DC8-5CE1-4A34-ACBB-C0F1F2EDEC69}.Debug|Any CPU.ActiveCfg = Debug|Any CPU
		{E7935DC8-5CE1-4A34-ACBB-C0F1F2EDEC69}.Debug|Any CPU.Build.0 = Debug|Any CPU
		{E7935DC8-5CE1-4A34-ACBB-C0F1F2EDEC69}.Release|Any CPU.ActiveCfg = Release|Any CPU
		{E7935DC8-5CE1-4A34-ACBB-C0F1F2EDEC69}.Release|Any CPU.Build.0 = Release|Any CPU
		{672FEC8A-BAA2-4038-BB6E-A102F917F4E7}.Debug|Any CPU.ActiveCfg = Debug|Any CPU
		{672FEC8A-BAA2-4038-BB6E-A102F917F4E7}.Debug|Any CPU.Build.0 = Debug|Any CPU
		{672FEC8A-BAA2-4038-BB6E-A102F917F4E7}.Release|Any CPU.ActiveCfg = Release|Any CPU
		{672FEC8A-BAA2-4038-BB6E-A102F917F4E7}.Release|Any CPU.Build.0 = Release|Any CPU
	EndGlobalSection
	GlobalSection(SolutionProperties) = preSolution
		HideSolutionNode = FALSE
	EndGlobalSection
	GlobalSection(ExtensibilityGlobals) = postSolution
		SolutionGuid = {ECF68F68-3E72-4E85-8509-D0AA2F3377C5}
	EndGlobalSection
EndGlobal
